
Microsoft Visual Studio Solution File, Format Version 12.00
# Visual Studio Version 17
VisualStudioVersion = 17.2.32516.85
MinimumVisualStudioVersion = 10.0.40219.1
Project("{FAE04EC0-301F-11D3-BF4B-00C04F79EFBC}") = "Task1", "Task1\Task1.csproj", "{DB56468D-D917-4751-A3F1-3B26B0AC3903}"
EndProject
Project("{FAE04EC0-301F-11D3-BF4B-00C04F79EFBC}") = "Task2", "Task2\Task2.csproj", "{6C50D129-A118-4E1E-B8BC-6BA684730174}"
EndProject
Global
	GlobalSection(SolutionConfigurationPlatforms) = preSolution
		Debug|Any CPU = Debug|Any CPU
		Release|Any CPU = Release|Any CPU
	EndGlobalSection
	GlobalSection(ProjectConfigurationPlatforms) = postSolution
		{DB56468D-D917-4751-A3F1-3B26B0AC3903}.Debug|Any CPU.ActiveCfg = Debug|Any CPU
		{DB56468D-D917-4751-A3F1-3B26B0AC3903}.Debug|Any CPU.Build.0 = Debug|Any CPU
		{DB56468D-D917-4751-A3F1-3B26B0AC3903}.Release|Any CPU.ActiveCfg = Release|Any CPU
		{DB56468D-D917-4751-A3F1-3B26B0AC3903}.Release|Any CPU.Build.0 = Release|Any CPU
		{6C50D129-A118-4E1E-B8BC-6BA684730174}.Debug|Any CPU.ActiveCfg = Debug|Any CPU
		{6C50D129-A118-4E1E-B8BC-6BA684730174}.Debug|Any CPU.Build.0 = Debug|Any CPU
		{6C50D129-A118-4E1E-B8BC-6BA684730174}.Release|Any CPU.ActiveCfg = Release|Any CPU
		{6C50D129-A118-4E1E-B8BC-6BA684730174}.Release|Any CPU.Build.0 = Release|Any CPU
	EndGlobalSection
	GlobalSection(SolutionProperties) = preSolution
		HideSolutionNode = FALSE
	EndGlobalSection
	GlobalSection(ExtensibilityGlobals) = postSolution
		SolutionGuid = {042A5C9C-55F6-444A-86F3-C556EC779C6A}
	EndGlobalSection
EndGlobal
